
Microsoft Visual Studio Solution File, Format Version 12.00
# Visual Studio 14
VisualStudioVersion = 14.0.23107.0
MinimumVisualStudioVersion = 10.0.40219.1
Project("{FAE04EC0-301F-11D3-BF4B-00C04F79EFBC}") = "MovieSrervice", "MovieSrervice\MovieSrervice.csproj", "{566F38B4-B02D-4284-B32C-3BB4B54E780E}"
EndProject
Project("{FAE04EC0-301F-11D3-BF4B-00C04F79EFBC}") = "MovieServiceTest", "MovieServiceTest\MovieServiceTest.csproj", "{143F4F85-EF40-46CF-89AD-05B9F76EA30C}"
EndProject
Global
	GlobalSection(SolutionConfigurationPlatforms) = preSolution
		Debug|Any CPU = Debug|Any CPU
		Release|Any CPU = Release|Any CPU
	EndGlobalSection
	GlobalSection(ProjectConfigurationPlatforms) = postSolution
		{566F38B4-B02D-4284-B32C-3BB4B54E780E}.Debug|Any CPU.ActiveCfg = Debug|Any CPU
		{566F38B4-B02D-4284-B32C-3BB4B54E780E}.Debug|Any CPU.Build.0 = Debug|Any CPU
		{566F38B4-B02D-4284-B32C-3BB4B54E780E}.Release|Any CPU.ActiveCfg = Release|Any CPU
		{566F38B4-B02D-4284-B32C-3BB4B54E780E}.Release|Any CPU.Build.0 = Release|Any CPU
		{143F4F85-EF40-46CF-89AD-05B9F76EA30C}.Debug|Any CPU.ActiveCfg = Debug|Any CPU
		{143F4F85-EF40-46CF-89AD-05B9F76EA30C}.Debug|Any CPU.Build.0 = Debug|Any CPU
		{143F4F85-EF40-46CF-89AD-05B9F76EA30C}.Release|Any CPU.ActiveCfg = Release|Any CPU
		{143F4F85-EF40-46CF-89AD-05B9F76EA30C}.Release|Any CPU.Build.0 = Release|Any CPU
	EndGlobalSection
	GlobalSection(SolutionProperties) = preSolution
		HideSolutionNode = FALSE
	EndGlobalSection
EndGlobal
