
Microsoft Visual Studio Solution File, Format Version 12.00
# Visual Studio 2013
VisualStudioVersion = 12.0.21005.1
MinimumVisualStudioVersion = 10.0.40219.1
Project("{FAE04EC0-301F-11D3-BF4B-00C04F79EFBC}") = "MovieSrervice", "MovieSrervice\MovieSrervice.csproj", "{566F38B4-B02D-4284-B32C-3BB4B54E780E}"
EndProject
Project("{FAE04EC0-301F-11D3-BF4B-00C04F79EFBC}") = "MovieServiceTest", "MovieServiceTest\MovieServiceTest.csproj", "{C04D4E02-422B-4EA1-BF78-5C6FC041F3C0}"
EndProject
Global
	GlobalSection(SolutionConfigurationPlatforms) = preSolution
		Debug|Any CPU = Debug|Any CPU
		Release|Any CPU = Release|Any CPU
	EndGlobalSection
	GlobalSection(ProjectConfigurationPlatforms) = postSolution
		{566F38B4-B02D-4284-B32C-3BB4B54E780E}.Debug|Any CPU.ActiveCfg = Debug|Any CPU
		{566F38B4-B02D-4284-B32C-3BB4B54E780E}.Debug|Any CPU.Build.0 = Debug|Any CPU
		{566F38B4-B02D-4284-B32C-3BB4B54E780E}.Release|Any CPU.ActiveCfg = Release|Any CPU
		{566F38B4-B02D-4284-B32C-3BB4B54E780E}.Release|Any CPU.Build.0 = Release|Any CPU
		{C04D4E02-422B-4EA1-BF78-5C6FC041F3C0}.Debug|Any CPU.ActiveCfg = Debug|Any CPU
		{C04D4E02-422B-4EA1-BF78-5C6FC041F3C0}.Debug|Any CPU.Build.0 = Debug|Any CPU
		{C04D4E02-422B-4EA1-BF78-5C6FC041F3C0}.Release|Any CPU.ActiveCfg = Release|Any CPU
		{C04D4E02-422B-4EA1-BF78-5C6FC041F3C0}.Release|Any CPU.Build.0 = Release|Any CPU
	EndGlobalSection
	GlobalSection(SolutionProperties) = preSolution
		HideSolutionNode = FALSE
	EndGlobalSection
EndGlobal
